{
  "version": 4,
  "terraform_version": "0.15.5",
  "serial": 26,
  "lineage": "d5fea77f-6d89-efa3-17f4-931487d6c65e",
  "outputs": {},
  "resources": [
    {
      "mode": "managed",
      "type": "azurerm_app_service",
      "name": "Test",
      "provider": "provider[\"registry.terraform.io/hashicorp/azurerm\"]",
      "instances": [
        {
          "schema_version": 0,
          "attributes": {
            "app_service_plan_id": "/subscriptions/36fa8384-fff9-42f4-afcf-52fce4d6736e/resourceGroups/demo-resources-dev/providers/Microsoft.Web/serverfarms/demo-appserviceplan-hari",
            "app_settings": {
              "SOME_KEY": "some-value"
            },
            "auth_settings": [
              {
                "active_directory": [],
                "additional_login_params": {},
                "allowed_external_redirect_urls": [],
                "default_provider": "",
                "enabled": false,
                "facebook": [],
                "google": [],
                "issuer": "",
                "microsoft": [],
                "runtime_version": "",
                "token_refresh_extension_hours": 0,
                "token_store_enabled": false,
                "twitter": [],
                "unauthenticated_client_action": ""
              }
            ],
            "backup": [],
            "client_affinity_enabled": false,
            "client_cert_enabled": false,
            "connection_string": [
              {
                "name": "Database",
                "type": "SQLServer",
                "value": "Server=some-server.mydomain.com;Integrated Security=SSPI"
              }
            ],
            "custom_domain_verification_id": "03571313381FE146F7CA4EE5B9DEFED28E062AE0F98447BCE77FAB57BBE5D696",
            "default_site_hostname": "demo-app-service-hari.azurewebsites.net",
            "enabled": true,
            "https_only": false,
            "id": "/subscriptions/36fa8384-fff9-42f4-afcf-52fce4d6736e/resourceGroups/demo-resources-dev/providers/Microsoft.Web/sites/demo-app-service-hari",
            "identity": [],
            "location": "westeurope",
            "logs": [
              {
                "application_logs": [
                  {
                    "azure_blob_storage": [],
                    "file_system_level": "Off"
                  }
                ],
                "detailed_error_messages_enabled": false,
                "failed_request_tracing_enabled": false,
                "http_logs": [
                  {
                    "azure_blob_storage": [],
                    "file_system": []
                  }
                ]
              }
            ],
            "name": "demo-app-service-hari",
            "outbound_ip_address_list": [
              "51.138.94.155",
              "104.45.66.139",
              "51.138.30.83",
              "51.138.117.163",
              "51.137.27.127",
              "51.138.118.88",
              "20.50.2.47"
            ],
            "outbound_ip_addresses": "51.138.94.155,104.45.66.139,51.138.30.83,51.138.117.163,51.137.27.127,51.138.118.88,20.50.2.47",
            "possible_outbound_ip_address_list": [
              "51.138.94.155",
              "104.45.66.139",
              "51.138.30.83",
              "51.138.117.163",
              "51.137.27.127",
              "51.138.118.88",
              "51.138.118.163",
              "51.138.118.183",
              "51.138.114.52",
              "51.138.119.5",
              "51.138.119.42",
              "20.50.128.86",
              "20.50.129.93",
              "51.138.30.71",
              "20.50.129.132",
              "51.138.31.199",
              "51.138.114.36",
              "51.138.115.188",
              "20.50.129.227",
              "20.50.130.125",
              "20.50.130.154",
              "20.50.130.211",
              "20.50.130.240",
              "20.50.129.197",
              "20.50.131.24",
              "51.138.113.126",
              "20.50.131.221",
              "20.50.131.231",
              "20.50.128.219",
              "51.138.116.172",
              "20.50.2.47"
            ],
            "possible_outbound_ip_addresses": "51.138.94.155,104.45.66.139,51.138.30.83,51.138.117.163,51.137.27.127,51.138.118.88,51.138.118.163,51.138.118.183,51.138.114.52,51.138.119.5,51.138.119.42,20.50.128.86,20.50.129.93,51.138.30.71,20.50.129.132,51.138.31.199,51.138.114.36,51.138.115.188,20.50.129.227,20.50.130.125,20.50.130.154,20.50.130.211,20.50.130.240,20.50.129.197,20.50.131.24,51.138.113.126,20.50.131.221,20.50.131.231,20.50.128.219,51.138.116.172,20.50.2.47",
            "resource_group_name": "demo-resources-dev",
            "site_config": [
              {
                "always_on": false,
                "app_command_line": "",
                "auto_swap_slot_name": "",
                "cors": [
                  {
                    "allowed_origins": [],
                    "support_credentials": false
                  }
                ],
                "default_documents": null,
                "dotnet_framework_version": "v4.0",
                "ftps_state": "AllAllowed",
                "health_check_path": "",
                "http2_enabled": false,
                "ip_restriction": [],
                "java_container": "",
                "java_container_version": "",
                "java_version": "",
                "linux_fx_version": "",
                "local_mysql_enabled": false,
                "managed_pipeline_mode": "Integrated",
                "min_tls_version": "1.2",
                "number_of_workers": 1,
                "php_version": "",
                "python_version": "",
                "remote_debugging_enabled": false,
                "remote_debugging_version": "VS2019",
                "scm_ip_restriction": [],
                "scm_type": "LocalGit",
                "scm_use_main_ip_restriction": false,
                "use_32_bit_worker_process": false,
                "websockets_enabled": false,
                "windows_fx_version": ""
              }
            ],
            "site_credential": [
              {
                "password": "x1i1BtETnmNH82kjjg1rKF1wkH5rdlceePyLFqnpwFmGXHytNaSZlJlkLa4L",
                "username": "$demo-app-service-hari"
              }
            ],
            "source_control": [
              {
                "branch": "master",
                "manual_integration": false,
                "repo_url": "https://demo-app-service-hari.scm.azurewebsites.net",
                "rollback_enabled": false,
                "use_mercurial": false
              }
            ],
            "storage_account": [],
            "tags": null,
            "timeouts": null
          },
          "sensitive_attributes": [],
          "private": "eyJlMmJmYjczMC1lY2FhLTExZTYtOGY4OC0zNDM2M2JjN2M0YzAiOnsiY3JlYXRlIjoxODAwMDAwMDAwMDAwLCJkZWxldGUiOjE4MDAwMDAwMDAwMDAsInJlYWQiOjMwMDAwMDAwMDAwMCwidXBkYXRlIjoxODAwMDAwMDAwMDAwfX0=",
          "dependencies": [
            "azurerm_app_service_plan.Test",
            "azurerm_resource_group.Test"
          ]
        }
      ]
    },
    {
      "mode": "managed",
      "type": "azurerm_app_service_plan",
      "name": "Test",
      "provider": "provider[\"registry.terraform.io/hashicorp/azurerm\"]",
      "instances": [
        {
          "schema_version": 0,
          "attributes": {
            "app_service_environment_id": "",
            "id": "/subscriptions/36fa8384-fff9-42f4-afcf-52fce4d6736e/resourceGroups/demo-resources-dev/providers/Microsoft.Web/serverfarms/demo-appserviceplan-hari",
            "is_xenon": false,
            "kind": "Windows",
            "location": "westeurope",
            "maximum_elastic_worker_count": 1,
            "maximum_number_of_workers": 10,
            "name": "demo-appserviceplan-hari",
            "per_site_scaling": false,
            "reserved": false,
            "resource_group_name": "demo-resources-dev",
            "sku": [
              {
                "capacity": 1,
                "size": "S1",
                "tier": "Standard"
              }
            ],
            "tags": null,
            "timeouts": null
          },
          "sensitive_attributes": [],
          "private": "eyJlMmJmYjczMC1lY2FhLTExZTYtOGY4OC0zNDM2M2JjN2M0YzAiOnsiY3JlYXRlIjozNjAwMDAwMDAwMDAwLCJkZWxldGUiOjM2MDAwMDAwMDAwMDAsInJlYWQiOjMwMDAwMDAwMDAwMCwidXBkYXRlIjozNjAwMDAwMDAwMDAwfX0=",
          "dependencies": [
            "azurerm_resource_group.Test"
          ]
        }
      ]
    },
    {
      "mode": "managed",
      "type": "azurerm_resource_group",
      "name": "Test",
      "provider": "provider[\"registry.terraform.io/hashicorp/azurerm\"]",
      "instances": [
        {
          "schema_version": 0,
          "attributes": {
            "id": "/subscriptions/36fa8384-fff9-42f4-afcf-52fce4d6736e/resourceGroups/demo-resources-dev",
            "location": "westeurope",
            "name": "demo-resources-dev",
            "tags": null,
            "timeouts": null
          },
          "sensitive_attributes": [],
          "private": "eyJlMmJmYjczMC1lY2FhLTExZTYtOGY4OC0zNDM2M2JjN2M0YzAiOnsiY3JlYXRlIjo1NDAwMDAwMDAwMDAwLCJkZWxldGUiOjU0MDAwMDAwMDAwMDAsInJlYWQiOjMwMDAwMDAwMDAwMCwidXBkYXRlIjo1NDAwMDAwMDAwMDAwfX0="
        }
      ]
    }
  ]
}
